// !$*UTF8*$!
{
	archiveVersion = 1;
	classes = {
	};
	objectVersion = 55;
	objects = {

/* Begin PBXBuildFile section */
		650F95BA280EA6D50012F3FF /* AppDelegate.swift in Sources */ = {isa = PBXBuildFile; fileRef = 650F95B9280EA6D50012F3FF /* AppDelegate.swift */; };
		650F95BC280EA6D50012F3FF /* SceneDelegate.swift in Sources */ = {isa = PBXBuildFile; fileRef = 650F95BB280EA6D50012F3FF /* SceneDelegate.swift */; };
		650F95C1280EA6D50012F3FF /* Main.storyboard in Resources */ = {isa = PBXBuildFile; fileRef = 650F95BF280EA6D50012F3FF /* Main.storyboard */; };
		650F95C3280EA6D60012F3FF /* Assets.xcassets in Resources */ = {isa = PBXBuildFile; fileRef = 650F95C2280EA6D60012F3FF /* Assets.xcassets */; };
		650F95C6280EA6D60012F3FF /* LaunchScreen.storyboard in Resources */ = {isa = PBXBuildFile; fileRef = 650F95C4280EA6D60012F3FF /* LaunchScreen.storyboard */; };
		650F95CF280EA7920012F3FF /* WallCollectionViewCell.swift in Sources */ = {isa = PBXBuildFile; fileRef = 650F95CE280EA7920012F3FF /* WallCollectionViewCell.swift */; };
		650F95D2280EA7CF0012F3FF /* WallsCollectionViewController.swift in Sources */ = {isa = PBXBuildFile; fileRef = 650F95D1280EA7CF0012F3FF /* WallsCollectionViewController.swift */; };
		650F95D4280EA89C0012F3FF /* Wall.swift in Sources */ = {isa = PBXBuildFile; fileRef = 650F95D3280EA89C0012F3FF /* Wall.swift */; };
		650F95D7280EA8E20012F3FF /* IScalable.swift in Sources */ = {isa = PBXBuildFile; fileRef = 650F95D6280EA8E20012F3FF /* IScalable.swift */; };
		650F95D9280EA91F0012F3FF /* WallBrain.swift in Sources */ = {isa = PBXBuildFile; fileRef = 650F95D8280EA91F0012F3FF /* WallBrain.swift */; };
		650F95DB280EA9400012F3FF /* DeviceManager.swift in Sources */ = {isa = PBXBuildFile; fileRef = 650F95DA280EA9400012F3FF /* DeviceManager.swift */; };
		650F95DD280EACB00012F3FF /* EditorViewController.swift in Sources */ = {isa = PBXBuildFile; fileRef = 650F95DC280EACB00012F3FF /* EditorViewController.swift */; };
		650F95DF280EAFEC0012F3FF /* Shelf.swift in Sources */ = {isa = PBXBuildFile; fileRef = 650F95DE280EAFEC0012F3FF /* Shelf.swift */; };
		650F95E1280EB0070012F3FF /* ShelfBrain.swift in Sources */ = {isa = PBXBuildFile; fileRef = 650F95E0280EB0070012F3FF /* ShelfBrain.swift */; };
		650F95E3280EB2C30012F3FF /* ImageSaver.swift in Sources */ = {isa = PBXBuildFile; fileRef = 650F95E2280EB2C30012F3FF /* ImageSaver.swift */; };
		650F95E5280EB7D60012F3FF /* Preview.swift in Sources */ = {isa = PBXBuildFile; fileRef = 650F95E4280EB7D60012F3FF /* Preview.swift */; };
		650F95E7280EB7EC0012F3FF /* PreviewBrain.swift in Sources */ = {isa = PBXBuildFile; fileRef = 650F95E6280EB7EC0012F3FF /* PreviewBrain.swift */; };
		650F95EA281563C60012F3FF /* DeviceModel.swift in Sources */ = {isa = PBXBuildFile; fileRef = 650F95E9281563C60012F3FF /* DeviceModel.swift */; };
		655199F0281D592900E14C47 /* InfoViewController.swift in Sources */ = {isa = PBXBuildFile; fileRef = 655199EF281D592900E14C47 /* InfoViewController.swift */; };
		658B861928467BE100D9DA3D /* click_sound.mp3 in Resources */ = {isa = PBXBuildFile; fileRef = 658B861428467BE100D9DA3D /* click_sound.mp3 */; };
		658B861A28467BE100D9DA3D /* toggle_sound.mp3 in Resources */ = {isa = PBXBuildFile; fileRef = 658B861528467BE100D9DA3D /* toggle_sound.mp3 */; };
		658B861B28467BE100D9DA3D /* segue_sound.mp3 in Resources */ = {isa = PBXBuildFile; fileRef = 658B861628467BE100D9DA3D /* segue_sound.mp3 */; };
		658B861C28467BE100D9DA3D /* success_sound.mp3 in Resources */ = {isa = PBXBuildFile; fileRef = 658B861728467BE100D9DA3D /* success_sound.mp3 */; };
		658B861D28467BE100D9DA3D /* swipe_sound.mp3 in Resources */ = {isa = PBXBuildFile; fileRef = 658B861828467BE100D9DA3D /* swipe_sound.mp3 */; };
		65DDA671282A8AB10031C21E /* SoundsManager.swift in Sources */ = {isa = PBXBuildFile; fileRef = 65DDA670282A8AB10031C21E /* SoundsManager.swift */; };
		65E356372868821800BD0FDA /* Constants.swift in Sources */ = {isa = PBXBuildFile; fileRef = 65E356362868821800BD0FDA /* Constants.swift */; };
		65E3563A2868873D00BD0FDA /* EditorPresenter.swift in Sources */ = {isa = PBXBuildFile; fileRef = 65E356392868873D00BD0FDA /* EditorPresenter.swift */; };
		65E3563C2868894300BD0FDA /* EditorViewInputDelegate.swift in Sources */ = {isa = PBXBuildFile; fileRef = 65E3563B2868894300BD0FDA /* EditorViewInputDelegate.swift */; };
		65E3563E28688B8700BD0FDA /* EditorViewOutputDelegate.swift in Sources */ = {isa = PBXBuildFile; fileRef = 65E3563D28688B8700BD0FDA /* EditorViewOutputDelegate.swift */; };
		65E356402868A11800BD0FDA /* WallsPresenter.swift in Sources */ = {isa = PBXBuildFile; fileRef = 65E3563F2868A11800BD0FDA /* WallsPresenter.swift */; };
		65E356452868A1B800BD0FDA /* WallsViewInputDelegate.swift in Sources */ = {isa = PBXBuildFile; fileRef = 65E356442868A1B800BD0FDA /* WallsViewInputDelegate.swift */; };
		65E356472868A1CE00BD0FDA /* WallsViewOutputDelegate.swift in Sources */ = {isa = PBXBuildFile; fileRef = 65E356462868A1CE00BD0FDA /* WallsViewOutputDelegate.swift */; };
/* End PBXBuildFile section */

/* Begin PBXFileReference section */
		650F95B6280EA6D50012F3FF /* iShelf.app */ = {isa = PBXFileReference; explicitFileType = wrapper.application; includeInIndex = 0; path = iShelf.app; sourceTree = BUILT_PRODUCTS_DIR; };
		650F95B9280EA6D50012F3FF /* AppDelegate.swift */ = {isa = PBXFileReference; lastKnownFileType = sourcecode.swift; path = AppDelegate.swift; sourceTree = "<group>"; };
		650F95BB280EA6D50012F3FF /* SceneDelegate.swift */ = {isa = PBXFileReference; lastKnownFileType = sourcecode.swift; path = SceneDelegate.swift; sourceTree = "<group>"; };
		650F95C0280EA6D50012F3FF /* Base */ = {isa = PBXFileReference; lastKnownFileType = file.storyboard; name = Base; path = Base.lproj/Main.storyboard; sourceTree = "<group>"; };
		650F95C2280EA6D60012F3FF /* Assets.xcassets */ = {isa = PBXFileReference; lastKnownFileType = folder.assetcatalog; path = Assets.xcassets; sourceTree = "<group>"; };
		650F95C5280EA6D60012F3FF /* Base */ = {isa = PBXFileReference; lastKnownFileType = file.storyboard; name = Base; path = Base.lproj/LaunchScreen.storyboard; sourceTree = "<group>"; };
		650F95C7280EA6D60012F3FF /* Info.plist */ = {isa = PBXFileReference; lastKnownFileType = text.plist.xml; path = Info.plist; sourceTree = "<group>"; };
		650F95CE280EA7920012F3FF /* WallCollectionViewCell.swift */ = {isa = PBXFileReference; lastKnownFileType = sourcecode.swift; path = WallCollectionViewCell.swift; sourceTree = "<group>"; };
		650F95D1280EA7CF0012F3FF /* WallsCollectionViewController.swift */ = {isa = PBXFileReference; lastKnownFileType = sourcecode.swift; path = WallsCollectionViewController.swift; sourceTree = "<group>"; };
		650F95D3280EA89C0012F3FF /* Wall.swift */ = {isa = PBXFileReference; lastKnownFileType = sourcecode.swift; path = Wall.swift; sourceTree = "<group>"; };
		650F95D6280EA8E20012F3FF /* IScalable.swift */ = {isa = PBXFileReference; lastKnownFileType = sourcecode.swift; path = IScalable.swift; sourceTree = "<group>"; };
		650F95D8280EA91F0012F3FF /* WallBrain.swift */ = {isa = PBXFileReference; lastKnownFileType = sourcecode.swift; path = WallBrain.swift; sourceTree = "<group>"; };
		650F95DA280EA9400012F3FF /* DeviceManager.swift */ = {isa = PBXFileReference; lastKnownFileType = sourcecode.swift; path = DeviceManager.swift; sourceTree = "<group>"; };
		650F95DC280EACB00012F3FF /* EditorViewController.swift */ = {isa = PBXFileReference; lastKnownFileType = sourcecode.swift; path = EditorViewController.swift; sourceTree = "<group>"; };
		650F95DE280EAFEC0012F3FF /* Shelf.swift */ = {isa = PBXFileReference; lastKnownFileType = sourcecode.swift; path = Shelf.swift; sourceTree = "<group>"; };
		650F95E0280EB0070012F3FF /* ShelfBrain.swift */ = {isa = PBXFileReference; lastKnownFileType = sourcecode.swift; path = ShelfBrain.swift; sourceTree = "<group>"; };
		650F95E2280EB2C30012F3FF /* ImageSaver.swift */ = {isa = PBXFileReference; lastKnownFileType = sourcecode.swift; path = ImageSaver.swift; sourceTree = "<group>"; };
		650F95E4280EB7D60012F3FF /* Preview.swift */ = {isa = PBXFileReference; lastKnownFileType = sourcecode.swift; path = Preview.swift; sourceTree = "<group>"; };
		650F95E6280EB7EC0012F3FF /* PreviewBrain.swift */ = {isa = PBXFileReference; lastKnownFileType = sourcecode.swift; path = PreviewBrain.swift; sourceTree = "<group>"; };
		650F95E9281563C60012F3FF /* DeviceModel.swift */ = {isa = PBXFileReference; lastKnownFileType = sourcecode.swift; path = DeviceModel.swift; sourceTree = "<group>"; };
		655199EF281D592900E14C47 /* InfoViewController.swift */ = {isa = PBXFileReference; lastKnownFileType = sourcecode.swift; path = InfoViewController.swift; sourceTree = "<group>"; };
		658B861428467BE100D9DA3D /* click_sound.mp3 */ = {isa = PBXFileReference; lastKnownFileType = audio.mp3; name = click_sound.mp3; path = Sounds/click_sound.mp3; sourceTree = SOURCE_ROOT; };
		658B861528467BE100D9DA3D /* toggle_sound.mp3 */ = {isa = PBXFileReference; lastKnownFileType = audio.mp3; name = toggle_sound.mp3; path = Sounds/toggle_sound.mp3; sourceTree = SOURCE_ROOT; };
		658B861628467BE100D9DA3D /* segue_sound.mp3 */ = {isa = PBXFileReference; lastKnownFileType = audio.mp3; name = segue_sound.mp3; path = Sounds/segue_sound.mp3; sourceTree = SOURCE_ROOT; };
		658B861728467BE100D9DA3D /* success_sound.mp3 */ = {isa = PBXFileReference; lastKnownFileType = audio.mp3; name = success_sound.mp3; path = Sounds/success_sound.mp3; sourceTree = SOURCE_ROOT; };
		658B861828467BE100D9DA3D /* swipe_sound.mp3 */ = {isa = PBXFileReference; lastKnownFileType = audio.mp3; name = swipe_sound.mp3; path = Sounds/swipe_sound.mp3; sourceTree = SOURCE_ROOT; };
		65DDA670282A8AB10031C21E /* SoundsManager.swift */ = {isa = PBXFileReference; lastKnownFileType = sourcecode.swift; name = SoundsManager.swift; path = iShelf/SoundsManager.swift; sourceTree = SOURCE_ROOT; };
		65E356362868821800BD0FDA /* Constants.swift */ = {isa = PBXFileReference; lastKnownFileType = sourcecode.swift; path = Constants.swift; sourceTree = "<group>"; };
		65E356392868873D00BD0FDA /* EditorPresenter.swift */ = {isa = PBXFileReference; lastKnownFileType = sourcecode.swift; path = EditorPresenter.swift; sourceTree = "<group>"; };
		65E3563B2868894300BD0FDA /* EditorViewInputDelegate.swift */ = {isa = PBXFileReference; lastKnownFileType = sourcecode.swift; path = EditorViewInputDelegate.swift; sourceTree = "<group>"; };
		65E3563D28688B8700BD0FDA /* EditorViewOutputDelegate.swift */ = {isa = PBXFileReference; lastKnownFileType = sourcecode.swift; path = EditorViewOutputDelegate.swift; sourceTree = "<group>"; };
		65E3563F2868A11800BD0FDA /* WallsPresenter.swift */ = {isa = PBXFileReference; lastKnownFileType = sourcecode.swift; path = WallsPresenter.swift; sourceTree = "<group>"; };
		65E356442868A1B800BD0FDA /* WallsViewInputDelegate.swift */ = {isa = PBXFileReference; lastKnownFileType = sourcecode.swift; path = WallsViewInputDelegate.swift; sourceTree = "<group>"; };
		65E356462868A1CE00BD0FDA /* WallsViewOutputDelegate.swift */ = {isa = PBXFileReference; lastKnownFileType = sourcecode.swift; path = WallsViewOutputDelegate.swift; sourceTree = "<group>"; };
/* End PBXFileReference section */

/* Begin PBXFrameworksBuildPhase section */
		650F95B3280EA6D50012F3FF /* Frameworks */ = {
			isa = PBXFrameworksBuildPhase;
			buildActionMask = 2147483647;
			files = (
			);
			runOnlyForDeploymentPostprocessing = 0;
		};
/* End PBXFrameworksBuildPhase section */

/* Begin PBXGroup section */
		650F95AD280EA6D50012F3FF = {
			isa = PBXGroup;
			children = (
				650F95B8280EA6D50012F3FF /* iShelf */,
				650F95B7280EA6D50012F3FF /* Products */,
			);
			sourceTree = "<group>";
		};
		650F95B7280EA6D50012F3FF /* Products */ = {
			isa = PBXGroup;
			children = (
				650F95B6280EA6D50012F3FF /* iShelf.app */,
			);
			name = Products;
			sourceTree = "<group>";
		};
		650F95B8280EA6D50012F3FF /* iShelf */ = {
			isa = PBXGroup;
			children = (
				650F95B9280EA6D50012F3FF /* AppDelegate.swift */,
				650F95BB280EA6D50012F3FF /* SceneDelegate.swift */,
				65E356362868821800BD0FDA /* Constants.swift */,
				650F95E9281563C60012F3FF /* DeviceModel.swift */,
				650F95DA280EA9400012F3FF /* DeviceManager.swift */,
				650F95E2280EB2C30012F3FF /* ImageSaver.swift */,
				650F95D6280EA8E20012F3FF /* IScalable.swift */,
				65DDA670282A8AB10031C21E /* SoundsManager.swift */,
				650F95D5280EA8C80012F3FF /* Models */,
				650F95CD280EA7760012F3FF /* Views */,
				650F95D0280EA7980012F3FF /* Presenters */,
				650F95C2280EA6D60012F3FF /* Assets.xcassets */,
				65DDA67E282A8EC30031C21E /* Sounds */,
				650F95C7280EA6D60012F3FF /* Info.plist */,
			);
			path = iShelf;
			sourceTree = "<group>";
		};
		650F95CD280EA7760012F3FF /* Views */ = {
			isa = PBXGroup;
			children = (
				650F95D1280EA7CF0012F3FF /* WallsCollectionViewController.swift */,
				650F95CE280EA7920012F3FF /* WallCollectionViewCell.swift */,
				650F95DC280EACB00012F3FF /* EditorViewController.swift */,
				655199EF281D592900E14C47 /* InfoViewController.swift */,
				65E35638286886FB00BD0FDA /* Storyboards */,
				65E356412868A16700BD0FDA /* Protocols */,
			);
			path = Views;
			sourceTree = "<group>";
		};
		650F95D0280EA7980012F3FF /* Presenters */ = {
			isa = PBXGroup;
			children = (
				65E356392868873D00BD0FDA /* EditorPresenter.swift */,
				65E3563F2868A11800BD0FDA /* WallsPresenter.swift */,
			);
			path = Presenters;
			sourceTree = "<group>";
		};
		650F95D5280EA8C80012F3FF /* Models */ = {
			isa = PBXGroup;
			children = (
				650F95D8280EA91F0012F3FF /* WallBrain.swift */,
				650F95E0280EB0070012F3FF /* ShelfBrain.swift */,
				650F95E6280EB7EC0012F3FF /* PreviewBrain.swift */,
				650F95D3280EA89C0012F3FF /* Wall.swift */,
				650F95DE280EAFEC0012F3FF /* Shelf.swift */,
				650F95E4280EB7D60012F3FF /* Preview.swift */,
			);
			path = Models;
			sourceTree = "<group>";
		};
		65DDA67E282A8EC30031C21E /* Sounds */ = {
			isa = PBXGroup;
			children = (
				658B861428467BE100D9DA3D /* click_sound.mp3 */,
				658B861628467BE100D9DA3D /* segue_sound.mp3 */,
				658B861728467BE100D9DA3D /* success_sound.mp3 */,
				658B861828467BE100D9DA3D /* swipe_sound.mp3 */,
				658B861528467BE100D9DA3D /* toggle_sound.mp3 */,
			);
			name = Sounds;
			path = ../../../Desktop/Sounds;
			sourceTree = "<group>";
		};
		65E35638286886FB00BD0FDA /* Storyboards */ = {
			isa = PBXGroup;
			children = (
				650F95BF280EA6D50012F3FF /* Main.storyboard */,
				650F95C4280EA6D60012F3FF /* LaunchScreen.storyboard */,
			);
			path = Storyboards;
			sourceTree = "<group>";
		};
		65E356412868A16700BD0FDA /* Protocols */ = {
			isa = PBXGroup;
			children = (
				65E3563B2868894300BD0FDA /* EditorViewInputDelegate.swift */,
				65E3563D28688B8700BD0FDA /* EditorViewOutputDelegate.swift */,
				65E356442868A1B800BD0FDA /* WallsViewInputDelegate.swift */,
				65E356462868A1CE00BD0FDA /* WallsViewOutputDelegate.swift */,
			);
			path = Protocols;
			sourceTree = "<group>";
		};
/* End PBXGroup section */

/* Begin PBXNativeTarget section */
		650F95B5280EA6D50012F3FF /* iShelf */ = {
			isa = PBXNativeTarget;
			buildConfigurationList = 650F95CA280EA6D60012F3FF /* Build configuration list for PBXNativeTarget "iShelf" */;
			buildPhases = (
				650F95B2280EA6D50012F3FF /* Sources */,
				650F95B3280EA6D50012F3FF /* Frameworks */,
				650F95B4280EA6D50012F3FF /* Resources */,
			);
			buildRules = (
			);
			dependencies = (
			);
			name = iShelf;
			productName = iShelf;
			productReference = 650F95B6280EA6D50012F3FF /* iShelf.app */;
			productType = "com.apple.product-type.application";
		};
/* End PBXNativeTarget section */

/* Begin PBXProject section */
		650F95AE280EA6D50012F3FF /* Project object */ = {
			isa = PBXProject;
			attributes = {
				BuildIndependentTargetsInParallel = 1;
				LastSwiftUpdateCheck = 1330;
				LastUpgradeCheck = 1330;
				TargetAttributes = {
					650F95B5280EA6D50012F3FF = {
						CreatedOnToolsVersion = 13.3.1;
					};
				};
			};
			buildConfigurationList = 650F95B1280EA6D50012F3FF /* Build configuration list for PBXProject "iShelf" */;
			compatibilityVersion = "Xcode 13.0";
			developmentRegion = en;
			hasScannedForEncodings = 0;
			knownRegions = (
				en,
				Base,
			);
			mainGroup = 650F95AD280EA6D50012F3FF;
			productRefGroup = 650F95B7280EA6D50012F3FF /* Products */;
			projectDirPath = "";
			projectRoot = "";
			targets = (
				650F95B5280EA6D50012F3FF /* iShelf */,
			);
		};
/* End PBXProject section */

/* Begin PBXResourcesBuildPhase section */
		650F95B4280EA6D50012F3FF /* Resources */ = {
			isa = PBXResourcesBuildPhase;
			buildActionMask = 2147483647;
			files = (
				658B861A28467BE100D9DA3D /* toggle_sound.mp3 in Resources */,
				650F95C6280EA6D60012F3FF /* LaunchScreen.storyboard in Resources */,
				650F95C3280EA6D60012F3FF /* Assets.xcassets in Resources */,
				650F95C1280EA6D50012F3FF /* Main.storyboard in Resources */,
				658B861C28467BE100D9DA3D /* success_sound.mp3 in Resources */,
				658B861D28467BE100D9DA3D /* swipe_sound.mp3 in Resources */,
				658B861B28467BE100D9DA3D /* segue_sound.mp3 in Resources */,
				658B861928467BE100D9DA3D /* click_sound.mp3 in Resources */,
			);
			runOnlyForDeploymentPostprocessing = 0;
		};
/* End PBXResourcesBuildPhase section */

/* Begin PBXSourcesBuildPhase section */
		650F95B2280EA6D50012F3FF /* Sources */ = {
			isa = PBXSourcesBuildPhase;
			buildActionMask = 2147483647;
			files = (
				650F95E1280EB0070012F3FF /* ShelfBrain.swift in Sources */,
				65E3563C2868894300BD0FDA /* EditorViewInputDelegate.swift in Sources */,
				65E356402868A11800BD0FDA /* WallsPresenter.swift in Sources */,
				650F95D2280EA7CF0012F3FF /* WallsCollectionViewController.swift in Sources */,
				65E3563E28688B8700BD0FDA /* EditorViewOutputDelegate.swift in Sources */,
				650F95EA281563C60012F3FF /* DeviceModel.swift in Sources */,
				650F95DD280EACB00012F3FF /* EditorViewController.swift in Sources */,
				650F95E7280EB7EC0012F3FF /* PreviewBrain.swift in Sources */,
				650F95DB280EA9400012F3FF /* DeviceManager.swift in Sources */,
				650F95CF280EA7920012F3FF /* WallCollectionViewCell.swift in Sources */,
				65E356472868A1CE00BD0FDA /* WallsViewOutputDelegate.swift in Sources */,
				650F95D9280EA91F0012F3FF /* WallBrain.swift in Sources */,
				650F95D4280EA89C0012F3FF /* Wall.swift in Sources */,
				650F95E5280EB7D60012F3FF /* Preview.swift in Sources */,
				650F95E3280EB2C30012F3FF /* ImageSaver.swift in Sources */,
				650F95DF280EAFEC0012F3FF /* Shelf.swift in Sources */,
				65DDA671282A8AB10031C21E /* SoundsManager.swift in Sources */,
				65E3563A2868873D00BD0FDA /* EditorPresenter.swift in Sources */,
				650F95BA280EA6D50012F3FF /* AppDelegate.swift in Sources */,
				650F95D7280EA8E20012F3FF /* IScalable.swift in Sources */,
				655199F0281D592900E14C47 /* InfoViewController.swift in Sources */,
				650F95BC280EA6D50012F3FF /* SceneDelegate.swift in Sources */,
				65E356372868821800BD0FDA /* Constants.swift in Sources */,
				65E356452868A1B800BD0FDA /* WallsViewInputDelegate.swift in Sources */,
			);
			runOnlyForDeploymentPostprocessing = 0;
		};
/* End PBXSourcesBuildPhase section */

/* Begin PBXVariantGroup section */
		650F95BF280EA6D50012F3FF /* Main.storyboard */ = {
			isa = PBXVariantGroup;
			children = (
				650F95C0280EA6D50012F3FF /* Base */,
			);
			name = Main.storyboard;
			sourceTree = "<group>";
		};
		650F95C4280EA6D60012F3FF /* LaunchScreen.storyboard */ = {
			isa = PBXVariantGroup;
			children = (
				650F95C5280EA6D60012F3FF /* Base */,
			);
			name = LaunchScreen.storyboard;
			sourceTree = "<group>";
		};
/* End PBXVariantGroup section */

/* Begin XCBuildConfiguration section */
		650F95C8280EA6D60012F3FF /* Debug */ = {
			isa = XCBuildConfiguration;
			buildSettings = {
				ALWAYS_SEARCH_USER_PATHS = NO;
				CLANG_ANALYZER_NONNULL = YES;
				CLANG_ANALYZER_NUMBER_OBJECT_CONVERSION = YES_AGGRESSIVE;
				CLANG_CXX_LANGUAGE_STANDARD = "gnu++17";
				CLANG_ENABLE_MODULES = YES;
				CLANG_ENABLE_OBJC_ARC = YES;
				CLANG_ENABLE_OBJC_WEAK = YES;
				CLANG_WARN_BLOCK_CAPTURE_AUTORELEASING = YES;
				CLANG_WARN_BOOL_CONVERSION = YES;
				CLANG_WARN_COMMA = YES;
				CLANG_WARN_CONSTANT_CONVERSION = YES;
				CLANG_WARN_DEPRECATED_OBJC_IMPLEMENTATIONS = YES;
				CLANG_WARN_DIRECT_OBJC_ISA_USAGE = YES_ERROR;
				CLANG_WARN_DOCUMENTATION_COMMENTS = YES;
				CLANG_WARN_EMPTY_BODY = YES;
				CLANG_WARN_ENUM_CONVERSION = YES;
				CLANG_WARN_INFINITE_RECURSION = YES;
				CLANG_WARN_INT_CONVERSION = YES;
				CLANG_WARN_NON_LITERAL_NULL_CONVERSION = YES;
				CLANG_WARN_OBJC_IMPLICIT_RETAIN_SELF = YES;
				CLANG_WARN_OBJC_LITERAL_CONVERSION = YES;
				CLANG_WARN_OBJC_ROOT_CLASS = YES_ERROR;
				CLANG_WARN_QUOTED_INCLUDE_IN_FRAMEWORK_HEADER = YES;
				CLANG_WARN_RANGE_LOOP_ANALYSIS = YES;
				CLANG_WARN_STRICT_PROTOTYPES = YES;
				CLANG_WARN_SUSPICIOUS_MOVE = YES;
				CLANG_WARN_UNGUARDED_AVAILABILITY = YES_AGGRESSIVE;
				CLANG_WARN_UNREACHABLE_CODE = YES;
				CLANG_WARN__DUPLICATE_METHOD_MATCH = YES;
				COPY_PHASE_STRIP = NO;
				DEBUG_INFORMATION_FORMAT = dwarf;
				ENABLE_STRICT_OBJC_MSGSEND = YES;
				ENABLE_TESTABILITY = YES;
				GCC_C_LANGUAGE_STANDARD = gnu11;
				GCC_DYNAMIC_NO_PIC = NO;
				GCC_NO_COMMON_BLOCKS = YES;
				GCC_OPTIMIZATION_LEVEL = 0;
				GCC_PREPROCESSOR_DEFINITIONS = (
					"DEBUG=1",
					"$(inherited)",
				);
				GCC_WARN_64_TO_32_BIT_CONVERSION = YES;
				GCC_WARN_ABOUT_RETURN_TYPE = YES_ERROR;
				GCC_WARN_UNDECLARED_SELECTOR = YES;
				GCC_WARN_UNINITIALIZED_AUTOS = YES_AGGRESSIVE;
				GCC_WARN_UNUSED_FUNCTION = YES;
				GCC_WARN_UNUSED_VARIABLE = YES;
				IPHONEOS_DEPLOYMENT_TARGET = 15.4;
				MTL_ENABLE_DEBUG_INFO = INCLUDE_SOURCE;
				MTL_FAST_MATH = YES;
				ONLY_ACTIVE_ARCH = YES;
				SDKROOT = iphoneos;
				SWIFT_ACTIVE_COMPILATION_CONDITIONS = DEBUG;
				SWIFT_OPTIMIZATION_LEVEL = "-Onone";
			};
			name = Debug;
		};
		650F95C9280EA6D60012F3FF /* Release */ = {
			isa = XCBuildConfiguration;
			buildSettings = {
				ALWAYS_SEARCH_USER_PATHS = NO;
				CLANG_ANALYZER_NONNULL = YES;
				CLANG_ANALYZER_NUMBER_OBJECT_CONVERSION = YES_AGGRESSIVE;
				CLANG_CXX_LANGUAGE_STANDARD = "gnu++17";
				CLANG_ENABLE_MODULES = YES;
				CLANG_ENABLE_OBJC_ARC = YES;
				CLANG_ENABLE_OBJC_WEAK = YES;
				CLANG_WARN_BLOCK_CAPTURE_AUTORELEASING = YES;
				CLANG_WARN_BOOL_CONVERSION = YES;
				CLANG_WARN_COMMA = YES;
				CLANG_WARN_CONSTANT_CONVERSION = YES;
				CLANG_WARN_DEPRECATED_OBJC_IMPLEMENTATIONS = YES;
				CLANG_WARN_DIRECT_OBJC_ISA_USAGE = YES_ERROR;
				CLANG_WARN_DOCUMENTATION_COMMENTS = YES;
				CLANG_WARN_EMPTY_BODY = YES;
				CLANG_WARN_ENUM_CONVERSION = YES;
				CLANG_WARN_INFINITE_RECURSION = YES;
				CLANG_WARN_INT_CONVERSION = YES;
				CLANG_WARN_NON_LITERAL_NULL_CONVERSION = YES;
				CLANG_WARN_OBJC_IMPLICIT_RETAIN_SELF = YES;
				CLANG_WARN_OBJC_LITERAL_CONVERSION = YES;
				CLANG_WARN_OBJC_ROOT_CLASS = YES_ERROR;
				CLANG_WARN_QUOTED_INCLUDE_IN_FRAMEWORK_HEADER = YES;
				CLANG_WARN_RANGE_LOOP_ANALYSIS = YES;
				CLANG_WARN_STRICT_PROTOTYPES = YES;
				CLANG_WARN_SUSPICIOUS_MOVE = YES;
				CLANG_WARN_UNGUARDED_AVAILABILITY = YES_AGGRESSIVE;
				CLANG_WARN_UNREACHABLE_CODE = YES;
				CLANG_WARN__DUPLICATE_METHOD_MATCH = YES;
				COPY_PHASE_STRIP = NO;
				DEBUG_INFORMATION_FORMAT = "dwarf-with-dsym";
				ENABLE_NS_ASSERTIONS = NO;
				ENABLE_STRICT_OBJC_MSGSEND = YES;
				GCC_C_LANGUAGE_STANDARD = gnu11;
				GCC_NO_COMMON_BLOCKS = YES;
				GCC_WARN_64_TO_32_BIT_CONVERSION = YES;
				GCC_WARN_ABOUT_RETURN_TYPE = YES_ERROR;
				GCC_WARN_UNDECLARED_SELECTOR = YES;
				GCC_WARN_UNINITIALIZED_AUTOS = YES_AGGRESSIVE;
				GCC_WARN_UNUSED_FUNCTION = YES;
				GCC_WARN_UNUSED_VARIABLE = YES;
				IPHONEOS_DEPLOYMENT_TARGET = 15.4;
				MTL_ENABLE_DEBUG_INFO = NO;
				MTL_FAST_MATH = YES;
				SDKROOT = iphoneos;
				SWIFT_COMPILATION_MODE = wholemodule;
				SWIFT_OPTIMIZATION_LEVEL = "-O";
				VALIDATE_PRODUCT = YES;
			};
			name = Release;
		};
		650F95CB280EA6D60012F3FF /* Debug */ = {
			isa = XCBuildConfiguration;
			buildSettings = {
				ASSETCATALOG_COMPILER_APPICON_NAME = AppIcon;
				ASSETCATALOG_COMPILER_GLOBAL_ACCENT_COLOR_NAME = AccentColor;
				CODE_SIGN_STYLE = Automatic;
				CURRENT_PROJECT_VERSION = 1;
				DEVELOPMENT_TEAM = 9D3QPUYX6Q;
				GENERATE_INFOPLIST_FILE = YES;
				INFOPLIST_FILE = iShelf/Info.plist;
				INFOPLIST_KEY_NSCameraUsageDescription = "iShelf need access to Camera to create background image";
				INFOPLIST_KEY_NSPhotoLibraryAddUsageDescription = "iShelf need access to Photos to save wallpaper";
				INFOPLIST_KEY_UIApplicationSupportsIndirectInputEvents = YES;
				INFOPLIST_KEY_UILaunchStoryboardName = LaunchScreen;
				INFOPLIST_KEY_UIMainStoryboardFile = Main;
				INFOPLIST_KEY_UISupportedInterfaceOrientations = UIInterfaceOrientationPortrait;
				INFOPLIST_KEY_UISupportedInterfaceOrientations_iPad = "UIInterfaceOrientationPortrait UIInterfaceOrientationPortraitUpsideDown UIInterfaceOrientationLandscapeLeft UIInterfaceOrientationLandscapeRight";
				INFOPLIST_KEY_UISupportedInterfaceOrientations_iPhone = UIInterfaceOrientationPortrait;
				LD_RUNPATH_SEARCH_PATHS = (
					"$(inherited)",
					"@executable_path/Frameworks",
				);
				MARKETING_VERSION = 0.5;
				PRODUCT_BUNDLE_IDENTIFIER = com.danieltvorun.iShelf;
				PRODUCT_NAME = "$(TARGET_NAME)";
				SWIFT_EMIT_LOC_STRINGS = YES;
				SWIFT_VERSION = 5.0;
				TARGETED_DEVICE_FAMILY = 1;
			};
			name = Debug;
		};
		650F95CC280EA6D60012F3FF /* Release */ = {
			isa = XCBuildConfiguration;
			buildSettings = {
				ASSETCATALOG_COMPILER_APPICON_NAME = AppIcon;
				ASSETCATALOG_COMPILER_GLOBAL_ACCENT_COLOR_NAME = AccentColor;
				CODE_SIGN_STYLE = Automatic;
				CURRENT_PROJECT_VERSION = 1;
				DEVELOPMENT_TEAM = 9D3QPUYX6Q;
				GENERATE_INFOPLIST_FILE = YES;
				INFOPLIST_FILE = iShelf/Info.plist;
				INFOPLIST_KEY_NSCameraUsageDescription = "iShelf need access to Camera to create background image";
				INFOPLIST_KEY_NSPhotoLibraryAddUsageDescription = "iShelf need access to Photos to save wallpaper";
				INFOPLIST_KEY_UIApplicationSupportsIndirectInputEvents = YES;
				INFOPLIST_KEY_UILaunchStoryboardName = LaunchScreen;
				INFOPLIST_KEY_UIMainStoryboardFile = Main;
				INFOPLIST_KEY_UISupportedInterfaceOrientations = UIInterfaceOrientationPortrait;
				INFOPLIST_KEY_UISupportedInterfaceOrientations_iPad = "UIInterfaceOrientationPortrait UIInterfaceOrientationPortraitUpsideDown UIInterfaceOrientationLandscapeLeft UIInterfaceOrientationLandscapeRight";
				INFOPLIST_KEY_UISupportedInterfaceOrientations_iPhone = UIInterfaceOrientationPortrait;
				LD_RUNPATH_SEARCH_PATHS = (
					"$(inherited)",
					"@executable_path/Frameworks",
				);
				MARKETING_VERSION = 0.5;
				PRODUCT_BUNDLE_IDENTIFIER = com.danieltvorun.iShelf;
				PRODUCT_NAME = "$(TARGET_NAME)";
				SWIFT_EMIT_LOC_STRINGS = YES;
				SWIFT_VERSION = 5.0;
				TARGETED_DEVICE_FAMILY = 1;
			};
			name = Release;
		};
/* End XCBuildConfiguration section */

/* Begin XCConfigurationList section */
		650F95B1280EA6D50012F3FF /* Build configuration list for PBXProject "iShelf" */ = {
			isa = XCConfigurationList;
			buildConfigurations = (
				650F95C8280EA6D60012F3FF /* Debug */,
				650F95C9280EA6D60012F3FF /* Release */,
			);
			defaultConfigurationIsVisible = 0;
			defaultConfigurationName = Release;
		};
		650F95CA280EA6D60012F3FF /* Build configuration list for PBXNativeTarget "iShelf" */ = {
			isa = XCConfigurationList;
			buildConfigurations = (
				650F95CB280EA6D60012F3FF /* Debug */,
				650F95CC280EA6D60012F3FF /* Release */,
			);
			defaultConfigurationIsVisible = 0;
			defaultConfigurationName = Release;
		};
/* End XCConfigurationList section */
	};
	rootObject = 650F95AE280EA6D50012F3FF /* Project object */;
}
